
Microsoft Visual Studio Solution File, Format Version 12.00
# Visual Studio Version 17
VisualStudioVersion = 17.10.34928.147
MinimumVisualStudioVersion = 10.0.40219.1
Project("{FAE04EC0-301F-11D3-BF4B-00C04F79EFBC}") = "Tic_tac_toe", "Tic_tac_toe\Tic_tac_toe.csproj", "{B207FE81-F417-4DE3-BB29-5E0548192551}"
EndProject
Global
	GlobalSection(SolutionConfigurationPlatforms) = preSolution
		Debug|Any CPU = Debug|Any CPU
		Release|Any CPU = Release|Any CPU
	EndGlobalSection
	GlobalSection(ProjectConfigurationPlatforms) = postSolution
		{B207FE81-F417-4DE3-BB29-5E0548192551}.Debug|Any CPU.ActiveCfg = Debug|Any CPU
		{B207FE81-F417-4DE3-BB29-5E0548192551}.Debug|Any CPU.Build.0 = Debug|Any CPU
		{B207FE81-F417-4DE3-BB29-5E0548192551}.Release|Any CPU.ActiveCfg = Release|Any CPU
		{B207FE81-F417-4DE3-BB29-5E0548192551}.Release|Any CPU.Build.0 = Release|Any CPU
	EndGlobalSection
	GlobalSection(SolutionProperties) = preSolution
		HideSolutionNode = FALSE
	EndGlobalSection
	GlobalSection(ExtensibilityGlobals) = postSolution
		SolutionGuid = {908E0B73-7984-4BBB-8FEA-10F9BFACE1A9}
	EndGlobalSection
EndGlobal
